
Microsoft Visual Studio Solution File, Format Version 12.00
# Visual Studio Version 17
VisualStudioVersion = 17.14.36623.8 d17.14
MinimumVisualStudioVersion = 10.0.40219.1
Project("{FAE04EC0-301F-11D3-BF4B-00C04F79EFBC}") = "shadow", "shadow\shadow.csproj", "{77F349A7-5595-4CF1-9F00-D147203A3568}"
EndProject
Global
	GlobalSection(SolutionConfigurationPlatforms) = preSolution
		Debug|Any CPU = Debug|Any CPU
		Release|Any CPU = Release|Any CPU
	EndGlobalSection
	GlobalSection(ProjectConfigurationPlatforms) = postSolution
		{77F349A7-5595-4CF1-9F00-D147203A3568}.Debug|Any CPU.ActiveCfg = Debug|Any CPU
		{77F349A7-5595-4CF1-9F00-D147203A3568}.Debug|Any CPU.Build.0 = Debug|Any CPU
		{77F349A7-5595-4CF1-9F00-D147203A3568}.Release|Any CPU.ActiveCfg = Release|Any CPU
		{77F349A7-5595-4CF1-9F00-D147203A3568}.Release|Any CPU.Build.0 = Release|Any CPU
	EndGlobalSection
	GlobalSection(SolutionProperties) = preSolution
		HideSolutionNode = FALSE
	EndGlobalSection
	GlobalSection(ExtensibilityGlobals) = postSolution
		SolutionGuid = {6C99E248-C47C-483B-9FA6-3D13BD5B1103}
	EndGlobalSection
EndGlobal
